// !$*UTF8*$!
{
	archiveVersion = 1;
	classes = {
	};
	objectVersion = 50;
	objects = {

/* Begin PBXBuildFile section */
		84039AE5233D386100C4E3ED /* ReSwift.framework in Frameworks */ = {isa = PBXBuildFile; fileRef = 84039AE4233D386100C4E3ED /* ReSwift.framework */; };
		84039AE8233D3A2B00C4E3ED /* CHANGELOG.md in Resources */ = {isa = PBXBuildFile; fileRef = 84039AE6233D3A2A00C4E3ED /* CHANGELOG.md */; };
		84039AE9233D3A2B00C4E3ED /* README.md in Resources */ = {isa = PBXBuildFile; fileRef = 84039AE7233D3A2A00C4E3ED /* README.md */; };
		846FC32623241CE5008243C5 /* ReSwift_Persist.framework in Frameworks */ = {isa = PBXBuildFile; fileRef = 846FC31C23241CE5008243C5 /* ReSwift_Persist.framework */; };
		846FC32D23241CE5008243C5 /* ReSwift_Persist.h in Headers */ = {isa = PBXBuildFile; fileRef = 846FC31F23241CE5008243C5 /* ReSwift_Persist.h */; settings = {ATTRIBUTES = (Public, ); }; };
		846FC33F23241E36008243C5 /* SwiftLintRunner.swift in Sources */ = {isa = PBXBuildFile; fileRef = 846FC33E23241E36008243C5 /* SwiftLintRunner.swift */; };
		846FC34123241E36008243C5 /* ReSwift_Persist.framework in Frameworks */ = {isa = PBXBuildFile; fileRef = 846FC31C23241CE5008243C5 /* ReSwift_Persist.framework */; };
		846FC34923241ED5008243C5 /* PersistStore.swift in Sources */ = {isa = PBXBuildFile; fileRef = 846FC34823241ED5008243C5 /* PersistStore.swift */; };
		846FC34B23241EE1008243C5 /* PersistReducer.swift in Sources */ = {isa = PBXBuildFile; fileRef = 846FC34A23241EE1008243C5 /* PersistReducer.swift */; };
		846FC34D23241EF3008243C5 /* Types.swift in Sources */ = {isa = PBXBuildFile; fileRef = 846FC34C23241EF3008243C5 /* Types.swift */; };
		846FC35023241F9A008243C5 /* PerformanceTest.swift in Sources */ = {isa = PBXBuildFile; fileRef = 846FC34F23241F9A008243C5 /* PerformanceTest.swift */; };
		846FC352232420A8008243C5 /* IDETemplateMacros.plist in Resources */ = {isa = PBXBuildFile; fileRef = 846FC351232420A8008243C5 /* IDETemplateMacros.plist */; };
/* End PBXBuildFile section */

/* Begin PBXContainerItemProxy section */
		846FC32723241CE5008243C5 /* PBXContainerItemProxy */ = {
			isa = PBXContainerItemProxy;
			containerPortal = 846FC31323241CE5008243C5 /* Project object */;
			proxyType = 1;
			remoteGlobalIDString = 846FC31B23241CE5008243C5;
			remoteInfo = "ReSwift-Persist";
		};
		846FC34223241E36008243C5 /* PBXContainerItemProxy */ = {
			isa = PBXContainerItemProxy;
			containerPortal = 846FC31323241CE5008243C5 /* Project object */;
			proxyType = 1;
			remoteGlobalIDString = 846FC31B23241CE5008243C5;
			remoteInfo = "ReSwift-Persist";
		};
/* End PBXContainerItemProxy section */

/* Begin PBXFileReference section */
		84039AE4233D386100C4E3ED /* ReSwift.framework */ = {isa = PBXFileReference; lastKnownFileType = wrapper.framework; name = ReSwift.framework; path = Carthage/Build/iOS/ReSwift.framework; sourceTree = "<group>"; };
		84039AE6233D3A2A00C4E3ED /* CHANGELOG.md */ = {isa = PBXFileReference; fileEncoding = 4; lastKnownFileType = net.daringfireball.markdown; path = CHANGELOG.md; sourceTree = "<group>"; };
		84039AE7233D3A2A00C4E3ED /* README.md */ = {isa = PBXFileReference; fileEncoding = 4; lastKnownFileType = net.daringfireball.markdown; path = README.md; sourceTree = "<group>"; };
		846FC31C23241CE5008243C5 /* ReSwift_Persist.framework */ = {isa = PBXFileReference; explicitFileType = wrapper.framework; includeInIndex = 0; path = ReSwift_Persist.framework; sourceTree = BUILT_PRODUCTS_DIR; };
		846FC31F23241CE5008243C5 /* ReSwift_Persist.h */ = {isa = PBXFileReference; lastKnownFileType = sourcecode.c.h; path = ReSwift_Persist.h; sourceTree = "<group>"; };
		846FC32023241CE5008243C5 /* Info.plist */ = {isa = PBXFileReference; lastKnownFileType = text.plist.xml; path = Info.plist; sourceTree = "<group>"; };
		846FC32523241CE5008243C5 /* ReSwift-PersistTests.xctest */ = {isa = PBXFileReference; explicitFileType = wrapper.cfbundle; includeInIndex = 0; path = "ReSwift-PersistTests.xctest"; sourceTree = BUILT_PRODUCTS_DIR; };
		846FC32C23241CE5008243C5 /* Info.plist */ = {isa = PBXFileReference; lastKnownFileType = text.plist.xml; path = Info.plist; sourceTree = "<group>"; };
		846FC33C23241E36008243C5 /* SwiftLintRunner.xctest */ = {isa = PBXFileReference; explicitFileType = wrapper.cfbundle; includeInIndex = 0; path = SwiftLintRunner.xctest; sourceTree = BUILT_PRODUCTS_DIR; };
		846FC33E23241E36008243C5 /* SwiftLintRunner.swift */ = {isa = PBXFileReference; lastKnownFileType = sourcecode.swift; path = SwiftLintRunner.swift; sourceTree = "<group>"; };
		846FC34023241E36008243C5 /* Info.plist */ = {isa = PBXFileReference; lastKnownFileType = text.plist.xml; path = Info.plist; sourceTree = "<group>"; };
		846FC34823241ED5008243C5 /* PersistStore.swift */ = {isa = PBXFileReference; lastKnownFileType = sourcecode.swift; path = PersistStore.swift; sourceTree = "<group>"; };
		846FC34A23241EE1008243C5 /* PersistReducer.swift */ = {isa = PBXFileReference; lastKnownFileType = sourcecode.swift; path = PersistReducer.swift; sourceTree = "<group>"; };
		846FC34C23241EF3008243C5 /* Types.swift */ = {isa = PBXFileReference; lastKnownFileType = sourcecode.swift; path = Types.swift; sourceTree = "<group>"; };
		846FC34E23241F9A008243C5 /* ReSwift-PersistTests-Bridging-Header.h */ = {isa = PBXFileReference; lastKnownFileType = sourcecode.c.h; path = "ReSwift-PersistTests-Bridging-Header.h"; sourceTree = "<group>"; };
		846FC34F23241F9A008243C5 /* PerformanceTest.swift */ = {isa = PBXFileReference; lastKnownFileType = sourcecode.swift; path = PerformanceTest.swift; sourceTree = "<group>"; };
		846FC351232420A8008243C5 /* IDETemplateMacros.plist */ = {isa = PBXFileReference; lastKnownFileType = text.plist.xml; name = IDETemplateMacros.plist; path = ../../../../Desktop/IDETemplateMacros.plist; sourceTree = "<group>"; };
/* End PBXFileReference section */

/* Begin PBXFrameworksBuildPhase section */
		846FC31923241CE5008243C5 /* Frameworks */ = {
			isa = PBXFrameworksBuildPhase;
			buildActionMask = 2147483647;
			files = (
				84039AE5233D386100C4E3ED /* ReSwift.framework in Frameworks */,
			);
			runOnlyForDeploymentPostprocessing = 0;
		};
		846FC32223241CE5008243C5 /* Frameworks */ = {
			isa = PBXFrameworksBuildPhase;
			buildActionMask = 2147483647;
			files = (
				846FC32623241CE5008243C5 /* ReSwift_Persist.framework in Frameworks */,
			);
			runOnlyForDeploymentPostprocessing = 0;
		};
		846FC33923241E36008243C5 /* Frameworks */ = {
			isa = PBXFrameworksBuildPhase;
			buildActionMask = 2147483647;
			files = (
				846FC34123241E36008243C5 /* ReSwift_Persist.framework in Frameworks */,
			);
			runOnlyForDeploymentPostprocessing = 0;
		};
/* End PBXFrameworksBuildPhase section */

/* Begin PBXGroup section */
		84039AE3233D386000C4E3ED /* Frameworks */ = {
			isa = PBXGroup;
			children = (
				84039AE4233D386100C4E3ED /* ReSwift.framework */,
			);
			name = Frameworks;
			sourceTree = "<group>";
		};
		846FC31223241CE5008243C5 = {
			isa = PBXGroup;
			children = (
				84039AE6233D3A2A00C4E3ED /* CHANGELOG.md */,
				84039AE7233D3A2A00C4E3ED /* README.md */,
				846FC31E23241CE5008243C5 /* ReSwift-Persist */,
				846FC32923241CE5008243C5 /* ReSwift-PersistTests */,
				846FC33D23241E36008243C5 /* SwiftLintRunner */,
				846FC31D23241CE5008243C5 /* Products */,
				84039AE3233D386000C4E3ED /* Frameworks */,
			);
			sourceTree = "<group>";
		};
		846FC31D23241CE5008243C5 /* Products */ = {
			isa = PBXGroup;
			children = (
				846FC31C23241CE5008243C5 /* ReSwift_Persist.framework */,
				846FC32523241CE5008243C5 /* ReSwift-PersistTests.xctest */,
				846FC33C23241E36008243C5 /* SwiftLintRunner.xctest */,
			);
			name = Products;
			sourceTree = "<group>";
		};
		846FC31E23241CE5008243C5 /* ReSwift-Persist */ = {
			isa = PBXGroup;
			children = (
				846FC31F23241CE5008243C5 /* ReSwift_Persist.h */,
				846FC32023241CE5008243C5 /* Info.plist */,
				846FC34823241ED5008243C5 /* PersistStore.swift */,
				846FC34A23241EE1008243C5 /* PersistReducer.swift */,
				846FC34C23241EF3008243C5 /* Types.swift */,
			);
			path = "ReSwift-Persist";
			sourceTree = "<group>";
		};
		846FC32923241CE5008243C5 /* ReSwift-PersistTests */ = {
			isa = PBXGroup;
			children = (
				846FC32C23241CE5008243C5 /* Info.plist */,
				846FC34F23241F9A008243C5 /* PerformanceTest.swift */,
				846FC34E23241F9A008243C5 /* ReSwift-PersistTests-Bridging-Header.h */,
			);
			path = "ReSwift-PersistTests";
			sourceTree = "<group>";
		};
		846FC33D23241E36008243C5 /* SwiftLintRunner */ = {
			isa = PBXGroup;
			children = (
				846FC33E23241E36008243C5 /* SwiftLintRunner.swift */,
				846FC351232420A8008243C5 /* IDETemplateMacros.plist */,
				846FC34023241E36008243C5 /* Info.plist */,
			);
			path = SwiftLintRunner;
			sourceTree = "<group>";
		};
/* End PBXGroup section */

/* Begin PBXHeadersBuildPhase section */
		846FC31723241CE5008243C5 /* Headers */ = {
			isa = PBXHeadersBuildPhase;
			buildActionMask = 2147483647;
			files = (
				846FC32D23241CE5008243C5 /* ReSwift_Persist.h in Headers */,
			);
			runOnlyForDeploymentPostprocessing = 0;
		};
/* End PBXHeadersBuildPhase section */

/* Begin PBXNativeTarget section */
		846FC31B23241CE5008243C5 /* ReSwift-Persist */ = {
			isa = PBXNativeTarget;
			buildConfigurationList = 846FC33023241CE5008243C5 /* Build configuration list for PBXNativeTarget "ReSwift-Persist" */;
			buildPhases = (
				846FC31723241CE5008243C5 /* Headers */,
				846FC31823241CE5008243C5 /* Sources */,
				846FC31923241CE5008243C5 /* Frameworks */,
				846FC31A23241CE5008243C5 /* Resources */,
			);
			buildRules = (
			);
			dependencies = (
			);
			name = "ReSwift-Persist";
			productName = "ReSwift-Persist";
			productReference = 846FC31C23241CE5008243C5 /* ReSwift_Persist.framework */;
			productType = "com.apple.product-type.framework";
		};
		846FC32423241CE5008243C5 /* ReSwift-PersistTests */ = {
			isa = PBXNativeTarget;
			buildConfigurationList = 846FC33323241CE5008243C5 /* Build configuration list for PBXNativeTarget "ReSwift-PersistTests" */;
			buildPhases = (
				846FC32123241CE5008243C5 /* Sources */,
				846FC32223241CE5008243C5 /* Frameworks */,
				846FC32323241CE5008243C5 /* Resources */,
			);
			buildRules = (
			);
			dependencies = (
				846FC32823241CE5008243C5 /* PBXTargetDependency */,
			);
			name = "ReSwift-PersistTests";
			productName = "ReSwift-PersistTests";
			productReference = 846FC32523241CE5008243C5 /* ReSwift-PersistTests.xctest */;
			productType = "com.apple.product-type.bundle.unit-test";
		};
		846FC33B23241E36008243C5 /* SwiftLintRunner */ = {
			isa = PBXNativeTarget;
			buildConfigurationList = 846FC34423241E36008243C5 /* Build configuration list for PBXNativeTarget "SwiftLintRunner" */;
			buildPhases = (
				846FC33823241E36008243C5 /* Sources */,
				846FC33923241E36008243C5 /* Frameworks */,
				846FC33A23241E36008243C5 /* Resources */,
				846FC34723241EAA008243C5 /* SwiftLint */,
			);
			buildRules = (
			);
			dependencies = (
				846FC34323241E36008243C5 /* PBXTargetDependency */,
			);
			name = SwiftLintRunner;
			productName = SwiftLintRunner;
			productReference = 846FC33C23241E36008243C5 /* SwiftLintRunner.xctest */;
			productType = "com.apple.product-type.bundle.unit-test";
		};
/* End PBXNativeTarget section */

/* Begin PBXProject section */
		846FC31323241CE5008243C5 /* Project object */ = {
			isa = PBXProject;
			attributes = {
				LastSwiftUpdateCheck = 1030;
				LastUpgradeCheck = 1030;
				ORGANIZATIONNAME = hoangph;
				TargetAttributes = {
					846FC31B23241CE5008243C5 = {
						CreatedOnToolsVersion = 10.3;
						LastSwiftMigration = 1030;
					};
					846FC32423241CE5008243C5 = {
						CreatedOnToolsVersion = 10.3;
						LastSwiftMigration = 1030;
					};
					846FC33B23241E36008243C5 = {
						CreatedOnToolsVersion = 10.3;
					};
				};
			};
			buildConfigurationList = 846FC31623241CE5008243C5 /* Build configuration list for PBXProject "ReSwift-Persist" */;
			compatibilityVersion = "Xcode 9.3";
			developmentRegion = en;
			hasScannedForEncodings = 0;
			knownRegions = (
				en,
			);
			mainGroup = 846FC31223241CE5008243C5;
			productRefGroup = 846FC31D23241CE5008243C5 /* Products */;
			projectDirPath = "";
			projectRoot = "";
			targets = (
				846FC31B23241CE5008243C5 /* ReSwift-Persist */,
				846FC32423241CE5008243C5 /* ReSwift-PersistTests */,
				846FC33B23241E36008243C5 /* SwiftLintRunner */,
			);
		};
/* End PBXProject section */

/* Begin PBXResourcesBuildPhase section */
		846FC31A23241CE5008243C5 /* Resources */ = {
			isa = PBXResourcesBuildPhase;
			buildActionMask = 2147483647;
			files = (
				84039AE9233D3A2B00C4E3ED /* README.md in Resources */,
				84039AE8233D3A2B00C4E3ED /* CHANGELOG.md in Resources */,
			);
			runOnlyForDeploymentPostprocessing = 0;
		};
		846FC32323241CE5008243C5 /* Resources */ = {
			isa = PBXResourcesBuildPhase;
			buildActionMask = 2147483647;
			files = (
			);
			runOnlyForDeploymentPostprocessing = 0;
		};
		846FC33A23241E36008243C5 /* Resources */ = {
			isa = PBXResourcesBuildPhase;
			buildActionMask = 2147483647;
			files = (
				846FC352232420A8008243C5 /* IDETemplateMacros.plist in Resources */,
			);
			runOnlyForDeploymentPostprocessing = 0;
		};
/* End PBXResourcesBuildPhase section */

/* Begin PBXShellScriptBuildPhase section */
		846FC34723241EAA008243C5 /* SwiftLint */ = {
			isa = PBXShellScriptBuildPhase;
			buildActionMask = 2147483647;
			files = (
			);
			inputFileListPaths = (
			);
			inputPaths = (
			);
			name = SwiftLint;
			outputFileListPaths = (
			);
			outputPaths = (
			);
			runOnlyForDeploymentPostprocessing = 0;
			shellPath = /bin/sh;
			shellScript = "if which swiftlint >/dev/null; then\nswiftlint\nelse\necho \"warning: SwiftLint not installed, download from https://github.com/realm/SwiftLint\"\nfi\n";
		};
/* End PBXShellScriptBuildPhase section */

/* Begin PBXSourcesBuildPhase section */
		846FC31823241CE5008243C5 /* Sources */ = {
			isa = PBXSourcesBuildPhase;
			buildActionMask = 2147483647;
			files = (
				846FC34D23241EF3008243C5 /* Types.swift in Sources */,
				846FC34923241ED5008243C5 /* PersistStore.swift in Sources */,
				846FC34B23241EE1008243C5 /* PersistReducer.swift in Sources */,
			);
			runOnlyForDeploymentPostprocessing = 0;
		};
		846FC32123241CE5008243C5 /* Sources */ = {
			isa = PBXSourcesBuildPhase;
			buildActionMask = 2147483647;
			files = (
				846FC35023241F9A008243C5 /* PerformanceTest.swift in Sources */,
			);
			runOnlyForDeploymentPostprocessing = 0;
		};
		846FC33823241E36008243C5 /* Sources */ = {
			isa = PBXSourcesBuildPhase;
			buildActionMask = 2147483647;
			files = (
				846FC33F23241E36008243C5 /* SwiftLintRunner.swift in Sources */,
			);
			runOnlyForDeploymentPostprocessing = 0;
		};
/* End PBXSourcesBuildPhase section */

/* Begin PBXTargetDependency section */
		846FC32823241CE5008243C5 /* PBXTargetDependency */ = {
			isa = PBXTargetDependency;
			target = 846FC31B23241CE5008243C5 /* ReSwift-Persist */;
			targetProxy = 846FC32723241CE5008243C5 /* PBXContainerItemProxy */;
		};
		846FC34323241E36008243C5 /* PBXTargetDependency */ = {
			isa = PBXTargetDependency;
			target = 846FC31B23241CE5008243C5 /* ReSwift-Persist */;
			targetProxy = 846FC34223241E36008243C5 /* PBXContainerItemProxy */;
		};
/* End PBXTargetDependency section */

/* Begin XCBuildConfiguration section */
		846FC32E23241CE5008243C5 /* Debug */ = {
			isa = XCBuildConfiguration;
			buildSettings = {
				ALWAYS_SEARCH_USER_PATHS = NO;
				CLANG_ANALYZER_NONNULL = YES;
				CLANG_ANALYZER_NUMBER_OBJECT_CONVERSION = YES_AGGRESSIVE;
				CLANG_CXX_LANGUAGE_STANDARD = "gnu++14";
				CLANG_CXX_LIBRARY = "libc++";
				CLANG_ENABLE_MODULES = YES;
				CLANG_ENABLE_OBJC_ARC = YES;
				CLANG_ENABLE_OBJC_WEAK = YES;
				CLANG_WARN_BLOCK_CAPTURE_AUTORELEASING = YES;
				CLANG_WARN_BOOL_CONVERSION = YES;
				CLANG_WARN_COMMA = YES;
				CLANG_WARN_CONSTANT_CONVERSION = YES;
				CLANG_WARN_DEPRECATED_OBJC_IMPLEMENTATIONS = YES;
				CLANG_WARN_DIRECT_OBJC_ISA_USAGE = YES_ERROR;
				CLANG_WARN_DOCUMENTATION_COMMENTS = YES;
				CLANG_WARN_EMPTY_BODY = YES;
				CLANG_WARN_ENUM_CONVERSION = YES;
				CLANG_WARN_INFINITE_RECURSION = YES;
				CLANG_WARN_INT_CONVERSION = YES;
				CLANG_WARN_NON_LITERAL_NULL_CONVERSION = YES;
				CLANG_WARN_OBJC_IMPLICIT_RETAIN_SELF = YES;
				CLANG_WARN_OBJC_LITERAL_CONVERSION = YES;
				CLANG_WARN_OBJC_ROOT_CLASS = YES_ERROR;
				CLANG_WARN_RANGE_LOOP_ANALYSIS = YES;
				CLANG_WARN_STRICT_PROTOTYPES = YES;
				CLANG_WARN_SUSPICIOUS_MOVE = YES;
				CLANG_WARN_UNGUARDED_AVAILABILITY = YES_AGGRESSIVE;
				CLANG_WARN_UNREACHABLE_CODE = YES;
				CLANG_WARN__DUPLICATE_METHOD_MATCH = YES;
				CODE_SIGN_IDENTITY = "iPhone Developer";
				COPY_PHASE_STRIP = NO;
				CURRENT_PROJECT_VERSION = 1;
				DEBUG_INFORMATION_FORMAT = dwarf;
				ENABLE_STRICT_OBJC_MSGSEND = YES;
				ENABLE_TESTABILITY = YES;
				GCC_C_LANGUAGE_STANDARD = gnu11;
				GCC_DYNAMIC_NO_PIC = NO;
				GCC_NO_COMMON_BLOCKS = YES;
				GCC_OPTIMIZATION_LEVEL = 0;
				GCC_PREPROCESSOR_DEFINITIONS = (
					"DEBUG=1",
					"$(inherited)",
				);
				GCC_WARN_64_TO_32_BIT_CONVERSION = YES;
				GCC_WARN_ABOUT_RETURN_TYPE = YES_ERROR;
				GCC_WARN_UNDECLARED_SELECTOR = YES;
				GCC_WARN_UNINITIALIZED_AUTOS = YES_AGGRESSIVE;
				GCC_WARN_UNUSED_FUNCTION = YES;
				GCC_WARN_UNUSED_VARIABLE = YES;
				IPHONEOS_DEPLOYMENT_TARGET = 8.0;
				MTL_ENABLE_DEBUG_INFO = INCLUDE_SOURCE;
				MTL_FAST_MATH = YES;
				ONLY_ACTIVE_ARCH = YES;
				SDKROOT = iphoneos;
				SWIFT_ACTIVE_COMPILATION_CONDITIONS = DEBUG;
				SWIFT_OPTIMIZATION_LEVEL = "-Onone";
				SWIFT_VERSION = 4.2;
				VERSIONING_SYSTEM = "apple-generic";
				VERSION_INFO_PREFIX = "";
			};
			name = Debug;
		};
		846FC32F23241CE5008243C5 /* Release */ = {
			isa = XCBuildConfiguration;
			buildSettings = {
				ALWAYS_SEARCH_USER_PATHS = NO;
				CLANG_ANALYZER_NONNULL = YES;
				CLANG_ANALYZER_NUMBER_OBJECT_CONVERSION = YES_AGGRESSIVE;
				CLANG_CXX_LANGUAGE_STANDARD = "gnu++14";
				CLANG_CXX_LIBRARY = "libc++";
				CLANG_ENABLE_MODULES = YES;
				CLANG_ENABLE_OBJC_ARC = YES;
				CLANG_ENABLE_OBJC_WEAK = YES;
				CLANG_WARN_BLOCK_CAPTURE_AUTORELEASING = YES;
				CLANG_WARN_BOOL_CONVERSION = YES;
				CLANG_WARN_COMMA = YES;
				CLANG_WARN_CONSTANT_CONVERSION = YES;
				CLANG_WARN_DEPRECATED_OBJC_IMPLEMENTATIONS = YES;
				CLANG_WARN_DIRECT_OBJC_ISA_USAGE = YES_ERROR;
				CLANG_WARN_DOCUMENTATION_COMMENTS = YES;
				CLANG_WARN_EMPTY_BODY = YES;
				CLANG_WARN_ENUM_CONVERSION = YES;
				CLANG_WARN_INFINITE_RECURSION = YES;
				CLANG_WARN_INT_CONVERSION = YES;
				CLANG_WARN_NON_LITERAL_NULL_CONVERSION = YES;
				CLANG_WARN_OBJC_IMPLICIT_RETAIN_SELF = YES;
				CLANG_WARN_OBJC_LITERAL_CONVERSION = YES;
				CLANG_WARN_OBJC_ROOT_CLASS = YES_ERROR;
				CLANG_WARN_RANGE_LOOP_ANALYSIS = YES;
				CLANG_WARN_STRICT_PROTOTYPES = YES;
				CLANG_WARN_SUSPICIOUS_MOVE = YES;
				CLANG_WARN_UNGUARDED_AVAILABILITY = YES_AGGRESSIVE;
				CLANG_WARN_UNREACHABLE_CODE = YES;
				CLANG_WARN__DUPLICATE_METHOD_MATCH = YES;
				CODE_SIGN_IDENTITY = "iPhone Developer";
				COPY_PHASE_STRIP = NO;
				CURRENT_PROJECT_VERSION = 1;
				DEBUG_INFORMATION_FORMAT = "dwarf-with-dsym";
				ENABLE_NS_ASSERTIONS = NO;
				ENABLE_STRICT_OBJC_MSGSEND = YES;
				GCC_C_LANGUAGE_STANDARD = gnu11;
				GCC_NO_COMMON_BLOCKS = YES;
				GCC_WARN_64_TO_32_BIT_CONVERSION = YES;
				GCC_WARN_ABOUT_RETURN_TYPE = YES_ERROR;
				GCC_WARN_UNDECLARED_SELECTOR = YES;
				GCC_WARN_UNINITIALIZED_AUTOS = YES_AGGRESSIVE;
				GCC_WARN_UNUSED_FUNCTION = YES;
				GCC_WARN_UNUSED_VARIABLE = YES;
				IPHONEOS_DEPLOYMENT_TARGET = 8.0;
				MTL_ENABLE_DEBUG_INFO = NO;
				MTL_FAST_MATH = YES;
				SDKROOT = iphoneos;
				SWIFT_COMPILATION_MODE = wholemodule;
				SWIFT_OPTIMIZATION_LEVEL = "-O";
				SWIFT_VERSION = 4.2;
				VALIDATE_PRODUCT = YES;
				VERSIONING_SYSTEM = "apple-generic";
				VERSION_INFO_PREFIX = "";
			};
			name = Release;
		};
		846FC33123241CE5008243C5 /* Debug */ = {
			isa = XCBuildConfiguration;
			buildSettings = {
				CLANG_ENABLE_MODULES = YES;
				CODE_SIGN_IDENTITY = "";
				CODE_SIGN_STYLE = Automatic;
				DEFINES_MODULE = YES;
				DEVELOPMENT_TEAM = DVKU24JC97;
				DYLIB_COMPATIBILITY_VERSION = 1;
				DYLIB_CURRENT_VERSION = 1;
				DYLIB_INSTALL_NAME_BASE = "@rpath";
				FRAMEWORK_SEARCH_PATHS = (
					"$(inherited)",
					"$(PROJECT_DIR)/Carthage/Build/iOS",
				);
				INFOPLIST_FILE = "ReSwift-Persist/Info.plist";
				INSTALL_PATH = "$(LOCAL_LIBRARY_DIR)/Frameworks";
				LD_RUNPATH_SEARCH_PATHS = (
					"$(inherited)",
					"@executable_path/Frameworks",
					"@loader_path/Frameworks",
				);
				PRODUCT_BUNDLE_IDENTIFIER = "com.hoangph.ReSwift-Persist";
				PRODUCT_NAME = "$(TARGET_NAME:c99extidentifier)";
				SKIP_INSTALL = YES;
				SWIFT_OPTIMIZATION_LEVEL = "-Onone";
				SWIFT_VERSION = 4.2;
				TARGETED_DEVICE_FAMILY = "1,2";
			};
			name = Debug;
		};
		846FC33223241CE5008243C5 /* Release */ = {
			isa = XCBuildConfiguration;
			buildSettings = {
				CLANG_ENABLE_MODULES = YES;
				CODE_SIGN_IDENTITY = "";
				CODE_SIGN_STYLE = Automatic;
				DEFINES_MODULE = YES;
				DEVELOPMENT_TEAM = DVKU24JC97;
				DYLIB_COMPATIBILITY_VERSION = 1;
				DYLIB_CURRENT_VERSION = 1;
				DYLIB_INSTALL_NAME_BASE = "@rpath";
				FRAMEWORK_SEARCH_PATHS = (
					"$(inherited)",
					"$(PROJECT_DIR)/Carthage/Build/iOS",
				);
				INFOPLIST_FILE = "ReSwift-Persist/Info.plist";
				INSTALL_PATH = "$(LOCAL_LIBRARY_DIR)/Frameworks";
				LD_RUNPATH_SEARCH_PATHS = (
					"$(inherited)",
					"@executable_path/Frameworks",
					"@loader_path/Frameworks",
				);
				PRODUCT_BUNDLE_IDENTIFIER = "com.hoangph.ReSwift-Persist";
				PRODUCT_NAME = "$(TARGET_NAME:c99extidentifier)";
				SKIP_INSTALL = YES;
				SWIFT_VERSION = 4.2;
				TARGETED_DEVICE_FAMILY = "1,2";
			};
			name = Release;
		};
		846FC33423241CE5008243C5 /* Debug */ = {
			isa = XCBuildConfiguration;
			buildSettings = {
				ALWAYS_EMBED_SWIFT_STANDARD_LIBRARIES = YES;
				CLANG_ENABLE_MODULES = YES;
				CODE_SIGN_STYLE = Automatic;
				DEVELOPMENT_TEAM = DVKU24JC97;
				INFOPLIST_FILE = "ReSwift-PersistTests/Info.plist";
				LD_RUNPATH_SEARCH_PATHS = (
					"$(inherited)",
					"@executable_path/Frameworks",
					"@loader_path/Frameworks",
				);
				PRODUCT_BUNDLE_IDENTIFIER = "com.hoangph.ReSwift-PersistTests";
				PRODUCT_NAME = "$(TARGET_NAME)";
				SWIFT_OBJC_BRIDGING_HEADER = "ReSwift-PersistTests/ReSwift-PersistTests-Bridging-Header.h";
				SWIFT_OPTIMIZATION_LEVEL = "-Onone";
				SWIFT_VERSION = 4.2;
				TARGETED_DEVICE_FAMILY = "1,2";
			};
			name = Debug;
		};
		846FC33523241CE5008243C5 /* Release */ = {
			isa = XCBuildConfiguration;
			buildSettings = {
				ALWAYS_EMBED_SWIFT_STANDARD_LIBRARIES = YES;
				CLANG_ENABLE_MODULES = YES;
				CODE_SIGN_STYLE = Automatic;
				DEVELOPMENT_TEAM = DVKU24JC97;
				INFOPLIST_FILE = "ReSwift-PersistTests/Info.plist";
				LD_RUNPATH_SEARCH_PATHS = (
					"$(inherited)",
					"@executable_path/Frameworks",
					"@loader_path/Frameworks",
				);
				PRODUCT_BUNDLE_IDENTIFIER = "com.hoangph.ReSwift-PersistTests";
				PRODUCT_NAME = "$(TARGET_NAME)";
				SWIFT_OBJC_BRIDGING_HEADER = "ReSwift-PersistTests/ReSwift-PersistTests-Bridging-Header.h";
				SWIFT_VERSION = 4.2;
				TARGETED_DEVICE_FAMILY = "1,2";
			};
			name = Release;
		};
		846FC34523241E36008243C5 /* Debug */ = {
			isa = XCBuildConfiguration;
			buildSettings = {
				ALWAYS_EMBED_SWIFT_STANDARD_LIBRARIES = YES;
				CODE_SIGN_STYLE = Automatic;
				DEVELOPMENT_TEAM = DVKU24JC97;
				INFOPLIST_FILE = SwiftLintRunner/Info.plist;
				IPHONEOS_DEPLOYMENT_TARGET = 12.4;
				LD_RUNPATH_SEARCH_PATHS = (
					"$(inherited)",
					"@executable_path/Frameworks",
					"@loader_path/Frameworks",
				);
				PRODUCT_BUNDLE_IDENTIFIER = com.hoangph.SwiftLintRunner;
				PRODUCT_NAME = "$(TARGET_NAME)";
				SWIFT_VERSION = 5.0;
				TARGETED_DEVICE_FAMILY = "1,2";
			};
			name = Debug;
		};
		846FC34623241E36008243C5 /* Release */ = {
			isa = XCBuildConfiguration;
			buildSettings = {
				ALWAYS_EMBED_SWIFT_STANDARD_LIBRARIES = YES;
				CODE_SIGN_STYLE = Automatic;
				DEVELOPMENT_TEAM = DVKU24JC97;
				INFOPLIST_FILE = SwiftLintRunner/Info.plist;
				IPHONEOS_DEPLOYMENT_TARGET = 12.4;
				LD_RUNPATH_SEARCH_PATHS = (
					"$(inherited)",
					"@executable_path/Frameworks",
					"@loader_path/Frameworks",
				);
				PRODUCT_BUNDLE_IDENTIFIER = com.hoangph.SwiftLintRunner;
				PRODUCT_NAME = "$(TARGET_NAME)";
				SWIFT_VERSION = 5.0;
				TARGETED_DEVICE_FAMILY = "1,2";
			};
			name = Release;
		};
/* End XCBuildConfiguration section */

/* Begin XCConfigurationList section */
		846FC31623241CE5008243C5 /* Build configuration list for PBXProject "ReSwift-Persist" */ = {
			isa = XCConfigurationList;
			buildConfigurations = (
				846FC32E23241CE5008243C5 /* Debug */,
				846FC32F23241CE5008243C5 /* Release */,
			);
			defaultConfigurationIsVisible = 0;
			defaultConfigurationName = Release;
		};
		846FC33023241CE5008243C5 /* Build configuration list for PBXNativeTarget "ReSwift-Persist" */ = {
			isa = XCConfigurationList;
			buildConfigurations = (
				846FC33123241CE5008243C5 /* Debug */,
				846FC33223241CE5008243C5 /* Release */,
			);
			defaultConfigurationIsVisible = 0;
			defaultConfigurationName = Release;
		};
		846FC33323241CE5008243C5 /* Build configuration list for PBXNativeTarget "ReSwift-PersistTests" */ = {
			isa = XCConfigurationList;
			buildConfigurations = (
				846FC33423241CE5008243C5 /* Debug */,
				846FC33523241CE5008243C5 /* Release */,
			);
			defaultConfigurationIsVisible = 0;
			defaultConfigurationName = Release;
		};
		846FC34423241E36008243C5 /* Build configuration list for PBXNativeTarget "SwiftLintRunner" */ = {
			isa = XCConfigurationList;
			buildConfigurations = (
				846FC34523241E36008243C5 /* Debug */,
				846FC34623241E36008243C5 /* Release */,
			);
			defaultConfigurationIsVisible = 0;
			defaultConfigurationName = Release;
		};
/* End XCConfigurationList section */
	};
	rootObject = 846FC31323241CE5008243C5 /* Project object */;
}
